// !$*UTF8*$!
{
	archiveVersion = 1;
	classes = {
	};
	objectVersion = 48;
	objects = {

/* Begin PBXBuildFile section */
		6B128437201EADE3001F3E3E /* AppDelegate.swift in Sources */ = {isa = PBXBuildFile; fileRef = 6B128436201EADE3001F3E3E /* AppDelegate.swift */; };
		6B128439201EADE3001F3E3E /* ViewController.swift in Sources */ = {isa = PBXBuildFile; fileRef = 6B128438201EADE3001F3E3E /* ViewController.swift */; };
		6B12843C201EADE4001F3E3E /* Main.storyboard in Resources */ = {isa = PBXBuildFile; fileRef = 6B12843A201EADE4001F3E3E /* Main.storyboard */; };
		6B12843E201EADE4001F3E3E /* Assets.xcassets in Resources */ = {isa = PBXBuildFile; fileRef = 6B12843D201EADE4001F3E3E /* Assets.xcassets */; };
		6B128441201EADE4001F3E3E /* LaunchScreen.storyboard in Resources */ = {isa = PBXBuildFile; fileRef = 6B12843F201EADE4001F3E3E /* LaunchScreen.storyboard */; };
		6B12844C201EADE4001F3E3E /* FirstAppTests.swift in Sources */ = {isa = PBXBuildFile; fileRef = 6B12844B201EADE4001F3E3E /* FirstAppTests.swift */; };
		6B128457201EADE4001F3E3E /* FirstAppUITests.swift in Sources */ = {isa = PBXBuildFile; fileRef = 6B128456201EADE4001F3E3E /* FirstAppUITests.swift */; };
/* End PBXBuildFile section */

/* Begin PBXContainerItemProxy section */
		6B128448201EADE4001F3E3E /* PBXContainerItemProxy */ = {
			isa = PBXContainerItemProxy;
			containerPortal = 6B12842B201EADE3001F3E3E /* Project object */;
			proxyType = 1;
			remoteGlobalIDString = 6B128432201EADE3001F3E3E;
			remoteInfo = FirstApp;
		};
		6B128453201EADE4001F3E3E /* PBXContainerItemProxy */ = {
			isa = PBXContainerItemProxy;
			containerPortal = 6B12842B201EADE3001F3E3E /* Project object */;
			proxyType = 1;
			remoteGlobalIDString = 6B128432201EADE3001F3E3E;
			remoteInfo = FirstApp;
		};
/* End PBXContainerItemProxy section */

/* Begin PBXFileReference section */
		6B128433201EADE3001F3E3E /* FirstApp.app */ = {isa = PBXFileReference; explicitFileType = wrapper.application; includeInIndex = 0; path = FirstApp.app; sourceTree = BUILT_PRODUCTS_DIR; };
		6B128436201EADE3001F3E3E /* AppDelegate.swift */ = {isa = PBXFileReference; lastKnownFileType = sourcecode.swift; path = AppDelegate.swift; sourceTree = "<group>"; };
		6B128438201EADE3001F3E3E /* ViewController.swift */ = {isa = PBXFileReference; lastKnownFileType = sourcecode.swift; path = ViewController.swift; sourceTree = "<group>"; };
		6B12843B201EADE4001F3E3E /* Base */ = {isa = PBXFileReference; lastKnownFileType = file.storyboard; name = Base; path = Base.lproj/Main.storyboard; sourceTree = "<group>"; };
		6B12843D201EADE4001F3E3E /* Assets.xcassets */ = {isa = PBXFileReference; lastKnownFileType = folder.assetcatalog; path = Assets.xcassets; sourceTree = "<group>"; };
		6B128440201EADE4001F3E3E /* Base */ = {isa = PBXFileReference; lastKnownFileType = file.storyboard; name = Base; path = Base.lproj/LaunchScreen.storyboard; sourceTree = "<group>"; };
		6B128442201EADE4001F3E3E /* Info.plist */ = {isa = PBXFileReference; lastKnownFileType = text.plist.xml; path = Info.plist; sourceTree = "<group>"; };
		6B128447201EADE4001F3E3E /* FirstAppTests.xctest */ = {isa = PBXFileReference; explicitFileType = wrapper.cfbundle; includeInIndex = 0; path = FirstAppTests.xctest; sourceTree = BUILT_PRODUCTS_DIR; };
		6B12844B201EADE4001F3E3E /* FirstAppTests.swift */ = {isa = PBXFileReference; lastKnownFileType = sourcecode.swift; path = FirstAppTests.swift; sourceTree = "<group>"; };
		6B12844D201EADE4001F3E3E /* Info.plist */ = {isa = PBXFileReference; lastKnownFileType = text.plist.xml; path = Info.plist; sourceTree = "<group>"; };
		6B128452201EADE4001F3E3E /* FirstAppUITests.xctest */ = {isa = PBXFileReference; explicitFileType = wrapper.cfbundle; includeInIndex = 0; path = FirstAppUITests.xctest; sourceTree = BUILT_PRODUCTS_DIR; };
		6B128456201EADE4001F3E3E /* FirstAppUITests.swift */ = {isa = PBXFileReference; lastKnownFileType = sourcecode.swift; path = FirstAppUITests.swift; sourceTree = "<group>"; };
		6B128458201EADE4001F3E3E /* Info.plist */ = {isa = PBXFileReference; lastKnownFileType = text.plist.xml; path = Info.plist; sourceTree = "<group>"; };
/* End PBXFileReference section */

/* Begin PBXFrameworksBuildPhase section */
		6B128430201EADE3001F3E3E /* Frameworks */ = {
			isa = PBXFrameworksBuildPhase;
			buildActionMask = 2147483647;
			files = (
			);
			runOnlyForDeploymentPostprocessing = 0;
		};
		6B128444201EADE4001F3E3E /* Frameworks */ = {
			isa = PBXFrameworksBuildPhase;
			buildActionMask = 2147483647;
			files = (
			);
			runOnlyForDeploymentPostprocessing = 0;
		};
		6B12844F201EADE4001F3E3E /* Frameworks */ = {
			isa = PBXFrameworksBuildPhase;
			buildActionMask = 2147483647;
			files = (
			);
			runOnlyForDeploymentPostprocessing = 0;
		};
/* End PBXFrameworksBuildPhase section */

/* Begin PBXGroup section */
		6B12842A201EADE3001F3E3E = {
			isa = PBXGroup;
			children = (
				6B128435201EADE3001F3E3E /* FirstApp */,
				6B12844A201EADE4001F3E3E /* FirstAppTests */,
				6B128455201EADE4001F3E3E /* FirstAppUITests */,
				6B128434201EADE3001F3E3E /* Products */,
			);
			sourceTree = "<group>";
		};
		6B128434201EADE3001F3E3E /* Products */ = {
			isa = PBXGroup;
			children = (
				6B128433201EADE3001F3E3E /* FirstApp.app */,
				6B128447201EADE4001F3E3E /* FirstAppTests.xctest */,
				6B128452201EADE4001F3E3E /* FirstAppUITests.xctest */,
			);
			name = Products;
			sourceTree = "<group>";
		};
		6B128435201EADE3001F3E3E /* FirstApp */ = {
			isa = PBXGroup;
			children = (
				6B128436201EADE3001F3E3E /* AppDelegate.swift */,
				6B128438201EADE3001F3E3E /* ViewController.swift */,
				6B12843A201EADE4001F3E3E /* Main.storyboard */,
				6B12843D201EADE4001F3E3E /* Assets.xcassets */,
				6B12843F201EADE4001F3E3E /* LaunchScreen.storyboard */,
				6B128442201EADE4001F3E3E /* Info.plist */,
			);
			path = FirstApp;
			sourceTree = "<group>";
		};
		6B12844A201EADE4001F3E3E /* FirstAppTests */ = {
			isa = PBXGroup;
			children = (
				6B12844B201EADE4001F3E3E /* FirstAppTests.swift */,
				6B12844D201EADE4001F3E3E /* Info.plist */,
			);
			path = FirstAppTests;
			sourceTree = "<group>";
		};
		6B128455201EADE4001F3E3E /* FirstAppUITests */ = {
			isa = PBXGroup;
			children = (
				6B128456201EADE4001F3E3E /* FirstAppUITests.swift */,
				6B128458201EADE4001F3E3E /* Info.plist */,
			);
			path = FirstAppUITests;
			sourceTree = "<group>";
		};
/* End PBXGroup section */

/* Begin PBXNativeTarget section */
		6B128432201EADE3001F3E3E /* FirstApp */ = {
			isa = PBXNativeTarget;
			buildConfigurationList = 6B12845B201EADE4001F3E3E /* Build configuration list for PBXNativeTarget "FirstApp" */;
			buildPhases = (
				6B12842F201EADE3001F3E3E /* Sources */,
				6B128430201EADE3001F3E3E /* Frameworks */,
				6B128431201EADE3001F3E3E /* Resources */,
			);
			buildRules = (
			);
			dependencies = (
			);
			name = FirstApp;
			productName = FirstApp;
			productReference = 6B128433201EADE3001F3E3E /* FirstApp.app */;
			productType = "com.apple.product-type.application";
		};
		6B128446201EADE4001F3E3E /* FirstAppTests */ = {
			isa = PBXNativeTarget;
			buildConfigurationList = 6B12845E201EADE4001F3E3E /* Build configuration list for PBXNativeTarget "FirstAppTests" */;
			buildPhases = (
				6B128443201EADE4001F3E3E /* Sources */,
				6B128444201EADE4001F3E3E /* Frameworks */,
				6B128445201EADE4001F3E3E /* Resources */,
			);
			buildRules = (
			);
			dependencies = (
				6B128449201EADE4001F3E3E /* PBXTargetDependency */,
			);
			name = FirstAppTests;
			productName = FirstAppTests;
			productReference = 6B128447201EADE4001F3E3E /* FirstAppTests.xctest */;
			productType = "com.apple.product-type.bundle.unit-test";
		};
		6B128451201EADE4001F3E3E /* FirstAppUITests */ = {
			isa = PBXNativeTarget;
			buildConfigurationList = 6B128461201EADE4001F3E3E /* Build configuration list for PBXNativeTarget "FirstAppUITests" */;
			buildPhases = (
				6B12844E201EADE4001F3E3E /* Sources */,
				6B12844F201EADE4001F3E3E /* Frameworks */,
				6B128450201EADE4001F3E3E /* Resources */,
			);
			buildRules = (
			);
			dependencies = (
				6B128454201EADE4001F3E3E /* PBXTargetDependency */,
			);
			name = FirstAppUITests;
			productName = FirstAppUITests;
			productReference = 6B128452201EADE4001F3E3E /* FirstAppUITests.xctest */;
			productType = "com.apple.product-type.bundle.ui-testing";
		};
/* End PBXNativeTarget section */

/* Begin PBXProject section */
		6B12842B201EADE3001F3E3E /* Project object */ = {
			isa = PBXProject;
			attributes = {
				LastSwiftUpdateCheck = 0920;
				LastUpgradeCheck = 0920;
				ORGANIZATIONNAME = "Zachary Byers";
				TargetAttributes = {
					6B128432201EADE3001F3E3E = {
						CreatedOnToolsVersion = 9.2;
						ProvisioningStyle = Automatic;
					};
					6B128446201EADE4001F3E3E = {
						CreatedOnToolsVersion = 9.2;
						ProvisioningStyle = Automatic;
						TestTargetID = 6B128432201EADE3001F3E3E;
					};
					6B128451201EADE4001F3E3E = {
						CreatedOnToolsVersion = 9.2;
						ProvisioningStyle = Automatic;
						TestTargetID = 6B128432201EADE3001F3E3E;
					};
				};
			};
			buildConfigurationList = 6B12842E201EADE3001F3E3E /* Build configuration list for PBXProject "FirstApp" */;
			compatibilityVersion = "Xcode 8.0";
			developmentRegion = en;
			hasScannedForEncodings = 0;
			knownRegions = (
				en,
				Base,
			);
			mainGroup = 6B12842A201EADE3001F3E3E;
			productRefGroup = 6B128434201EADE3001F3E3E /* Products */;
			projectDirPath = "";
			projectRoot = "";
			targets = (
				6B128432201EADE3001F3E3E /* FirstApp */,
				6B128446201EADE4001F3E3E /* FirstAppTests */,
				6B128451201EADE4001F3E3E /* FirstAppUITests */,
			);
		};
/* End PBXProject section */

/* Begin PBXResourcesBuildPhase section */
		6B128431201EADE3001F3E3E /* Resources */ = {
			isa = PBXResourcesBuildPhase;
			buildActionMask = 2147483647;
			files = (
				6B128441201EADE4001F3E3E /* LaunchScreen.storyboard in Resources */,
				6B12843E201EADE4001F3E3E /* Assets.xcassets in Resources */,
				6B12843C201EADE4001F3E3E /* Main.storyboard in Resources */,
			);
			runOnlyForDeploymentPostprocessing = 0;
		};
		6B128445201EADE4001F3E3E /* Resources */ = {
			isa = PBXResourcesBuildPhase;
			buildActionMask = 2147483647;
			files = (
			);
			runOnlyForDeploymentPostprocessing = 0;
		};
		6B128450201EADE4001F3E3E /* Resources */ = {
			isa = PBXResourcesBuildPhase;
			buildActionMask = 2147483647;
			files = (
			);
			runOnlyForDeploymentPostprocessing = 0;
		};
/* End PBXResourcesBuildPhase section */

/* Begin PBXSourcesBuildPhase section */
		6B12842F201EADE3001F3E3E /* Sources */ = {
			isa = PBXSourcesBuildPhase;
			buildActionMask = 2147483647;
			files = (
				6B128439201EADE3001F3E3E /* ViewController.swift in Sources */,
				6B128437201EADE3001F3E3E /* AppDelegate.swift in Sources */,
			);
			runOnlyForDeploymentPostprocessing = 0;
		};
		6B128443201EADE4001F3E3E /* Sources */ = {
			isa = PBXSourcesBuildPhase;
			buildActionMask = 2147483647;
			files = (
				6B12844C201EADE4001F3E3E /* FirstAppTests.swift in Sources */,
			);
			runOnlyForDeploymentPostprocessing = 0;
		};
		6B12844E201EADE4001F3E3E /* Sources */ = {
			isa = PBXSourcesBuildPhase;
			buildActionMask = 2147483647;
			files = (
				6B128457201EADE4001F3E3E /* FirstAppUITests.swift in Sources */,
			);
			runOnlyForDeploymentPostprocessing = 0;
		};
/* End PBXSourcesBuildPhase section */

/* Begin PBXTargetDependency section */
		6B128449201EADE4001F3E3E /* PBXTargetDependency */ = {
			isa = PBXTargetDependency;
			target = 6B128432201EADE3001F3E3E /* FirstApp */;
			targetProxy = 6B128448201EADE4001F3E3E /* PBXContainerItemProxy */;
		};
		6B128454201EADE4001F3E3E /* PBXTargetDependency */ = {
			isa = PBXTargetDependency;
			target = 6B128432201EADE3001F3E3E /* FirstApp */;
			targetProxy = 6B128453201EADE4001F3E3E /* PBXContainerItemProxy */;
		};
/* End PBXTargetDependency section */

/* Begin PBXVariantGroup section */
		6B12843A201EADE4001F3E3E /* Main.storyboard */ = {
			isa = PBXVariantGroup;
			children = (
				6B12843B201EADE4001F3E3E /* Base */,
			);
			name = Main.storyboard;
			sourceTree = "<group>";
		};
		6B12843F201EADE4001F3E3E /* LaunchScreen.storyboard */ = {
			isa = PBXVariantGroup;
			children = (
				6B128440201EADE4001F3E3E /* Base */,
			);
			name = LaunchScreen.storyboard;
			sourceTree = "<group>";
		};
/* End PBXVariantGroup section */

/* Begin XCBuildConfiguration section */
		6B128459201EADE4001F3E3E /* Debug */ = {
			isa = XCBuildConfiguration;
			buildSettings = {
				ALWAYS_SEARCH_USER_PATHS = NO;
				CLANG_ANALYZER_NONNULL = YES;
				CLANG_ANALYZER_NUMBER_OBJECT_CONVERSION = YES_AGGRESSIVE;
				CLANG_CXX_LANGUAGE_STANDARD = "gnu++14";
				CLANG_CXX_LIBRARY = "libc++";
				CLANG_ENABLE_MODULES = YES;
				CLANG_ENABLE_OBJC_ARC = YES;
				CLANG_WARN_BLOCK_CAPTURE_AUTORELEASING = YES;
				CLANG_WARN_BOOL_CONVERSION = YES;
				CLANG_WARN_COMMA = YES;
				CLANG_WARN_CONSTANT_CONVERSION = YES;
				CLANG_WARN_DIRECT_OBJC_ISA_USAGE = YES_ERROR;
				CLANG_WARN_DOCUMENTATION_COMMENTS = YES;
				CLANG_WARN_EMPTY_BODY = YES;
				CLANG_WARN_ENUM_CONVERSION = YES;
				CLANG_WARN_INFINITE_RECURSION = YES;
				CLANG_WARN_INT_CONVERSION = YES;
				CLANG_WARN_NON_LITERAL_NULL_CONVERSION = YES;
				CLANG_WARN_OBJC_LITERAL_CONVERSION = YES;
				CLANG_WARN_OBJC_ROOT_CLASS = YES_ERROR;
				CLANG_WARN_RANGE_LOOP_ANALYSIS = YES;
				CLANG_WARN_STRICT_PROTOTYPES = YES;
				CLANG_WARN_SUSPICIOUS_MOVE = YES;
				CLANG_WARN_UNGUARDED_AVAILABILITY = YES_AGGRESSIVE;
				CLANG_WARN_UNREACHABLE_CODE = YES;
				CLANG_WARN__DUPLICATE_METHOD_MATCH = YES;
				CODE_SIGN_IDENTITY = "iPhone Developer";
				COPY_PHASE_STRIP = NO;
				DEBUG_INFORMATION_FORMAT = dwarf;
				ENABLE_STRICT_OBJC_MSGSEND = YES;
				ENABLE_TESTABILITY = YES;
				GCC_C_LANGUAGE_STANDARD = gnu11;
				GCC_DYNAMIC_NO_PIC = NO;
				GCC_NO_COMMON_BLOCKS = YES;
				GCC_OPTIMIZATION_LEVEL = 0;
				GCC_PREPROCESSOR_DEFINITIONS = (
					"DEBUG=1",
					"$(inherited)",
				);
				GCC_WARN_64_TO_32_BIT_CONVERSION = YES;
				GCC_WARN_ABOUT_RETURN_TYPE = YES_ERROR;
				GCC_WARN_UNDECLARED_SELECTOR = YES;
				GCC_WARN_UNINITIALIZED_AUTOS = YES_AGGRESSIVE;
				GCC_WARN_UNUSED_FUNCTION = YES;
				GCC_WARN_UNUSED_VARIABLE = YES;
				IPHONEOS_DEPLOYMENT_TARGET = 11.2;
				MTL_ENABLE_DEBUG_INFO = YES;
				ONLY_ACTIVE_ARCH = YES;
				SDKROOT = iphoneos;
				SWIFT_ACTIVE_COMPILATION_CONDITIONS = DEBUG;
				SWIFT_OPTIMIZATION_LEVEL = "-Onone";
			};
			name = Debug;
		};
		6B12845A201EADE4001F3E3E /* Release */ = {
			isa = XCBuildConfiguration;
			buildSettings = {
				ALWAYS_SEARCH_USER_PATHS = NO;
				CLANG_ANALYZER_NONNULL = YES;
				CLANG_ANALYZER_NUMBER_OBJECT_CONVERSION = YES_AGGRESSIVE;
				CLANG_CXX_LANGUAGE_STANDARD = "gnu++14";
				CLANG_CXX_LIBRARY = "libc++";
				CLANG_ENABLE_MODULES = YES;
				CLANG_ENABLE_OBJC_ARC = YES;
				CLANG_WARN_BLOCK_CAPTURE_AUTORELEASING = YES;
				CLANG_WARN_BOOL_CONVERSION = YES;
				CLANG_WARN_COMMA = YES;
				CLANG_WARN_CONSTANT_CONVERSION = YES;
				CLANG_WARN_DIRECT_OBJC_ISA_USAGE = YES_ERROR;
				CLANG_WARN_DOCUMENTATION_COMMENTS = YES;
				CLANG_WARN_EMPTY_BODY = YES;
				CLANG_WARN_ENUM_CONVERSION = YES;
				CLANG_WARN_INFINITE_RECURSION = YES;
				CLANG_WARN_INT_CONVERSION = YES;
				CLANG_WARN_NON_LITERAL_NULL_CONVERSION = YES;
				CLANG_WARN_OBJC_LITERAL_CONVERSION = YES;
				CLANG_WARN_OBJC_ROOT_CLASS = YES_ERROR;
				CLANG_WARN_RANGE_LOOP_ANALYSIS = YES;
				CLANG_WARN_STRICT_PROTOTYPES = YES;
				CLANG_WARN_SUSPICIOUS_MOVE = YES;
				CLANG_WARN_UNGUARDED_AVAILABILITY = YES_AGGRESSIVE;
				CLANG_WARN_UNREACHABLE_CODE = YES;
				CLANG_WARN__DUPLICATE_METHOD_MATCH = YES;
				CODE_SIGN_IDENTITY = "iPhone Developer";
				COPY_PHASE_STRIP = NO;
				DEBUG_INFORMATION_FORMAT = "dwarf-with-dsym";
				ENABLE_NS_ASSERTIONS = NO;
				ENABLE_STRICT_OBJC_MSGSEND = YES;
				GCC_C_LANGUAGE_STANDARD = gnu11;
				GCC_NO_COMMON_BLOCKS = YES;
				GCC_WARN_64_TO_32_BIT_CONVERSION = YES;
				GCC_WARN_ABOUT_RETURN_TYPE = YES_ERROR;
				GCC_WARN_UNDECLARED_SELECTOR = YES;
				GCC_WARN_UNINITIALIZED_AUTOS = YES_AGGRESSIVE;
				GCC_WARN_UNUSED_FUNCTION = YES;
				GCC_WARN_UNUSED_VARIABLE = YES;
				IPHONEOS_DEPLOYMENT_TARGET = 11.2;
				MTL_ENABLE_DEBUG_INFO = NO;
				SDKROOT = iphoneos;
				SWIFT_OPTIMIZATION_LEVEL = "-Owholemodule";
				VALIDATE_PRODUCT = YES;
			};
			name = Release;
		};
		6B12845C201EADE4001F3E3E /* Debug */ = {
			isa = XCBuildConfiguration;
			buildSettings = {
				ASSETCATALOG_COMPILER_APPICON_NAME = AppIcon;
				CODE_SIGN_STYLE = Automatic;
				INFOPLIST_FILE = FirstApp/Info.plist;
				LD_RUNPATH_SEARCH_PATHS = "$(inherited) @executable_path/Frameworks";
				PRODUCT_BUNDLE_IDENTIFIER = com.ZacharyByers.FirstApp;
				PRODUCT_NAME = "$(TARGET_NAME)";
				SWIFT_VERSION = 4.0;
				TARGETED_DEVICE_FAMILY = "1,2";
			};
			name = Debug;
		};
		6B12845D201EADE4001F3E3E /* Release */ = {
			isa = XCBuildConfiguration;
			buildSettings = {
				ASSETCATALOG_COMPILER_APPICON_NAME = AppIcon;
				CODE_SIGN_STYLE = Automatic;
				INFOPLIST_FILE = FirstApp/Info.plist;
				LD_RUNPATH_SEARCH_PATHS = "$(inherited) @executable_path/Frameworks";
				PRODUCT_BUNDLE_IDENTIFIER = com.ZacharyByers.FirstApp;
				PRODUCT_NAME = "$(TARGET_NAME)";
				SWIFT_VERSION = 4.0;
				TARGETED_DEVICE_FAMILY = "1,2";
			};
			name = Release;
		};
		6B12845F201EADE4001F3E3E /* Debug */ = {
			isa = XCBuildConfiguration;
			buildSettings = {
				ALWAYS_EMBED_SWIFT_STANDARD_LIBRARIES = YES;
				BUNDLE_LOADER = "$(TEST_HOST)";
				CODE_SIGN_STYLE = Automatic;
				INFOPLIST_FILE = FirstAppTests/Info.plist;
				LD_RUNPATH_SEARCH_PATHS = "$(inherited) @executable_path/Frameworks @loader_path/Frameworks";
				PRODUCT_BUNDLE_IDENTIFIER = com.ZacharyByers.FirstAppTests;
				PRODUCT_NAME = "$(TARGET_NAME)";
				SWIFT_VERSION = 4.0;
				TARGETED_DEVICE_FAMILY = "1,2";
				TEST_HOST = "$(BUILT_PRODUCTS_DIR)/FirstApp.app/FirstApp";
			};
			name = Debug;
		};
		6B128460201EADE4001F3E3E /* Release */ = {
			isa = XCBuildConfiguration;
			buildSettings = {
				ALWAYS_EMBED_SWIFT_STANDARD_LIBRARIES = YES;
				BUNDLE_LOADER = "$(TEST_HOST)";
				CODE_SIGN_STYLE = Automatic;
				INFOPLIST_FILE = FirstAppTests/Info.plist;
				LD_RUNPATH_SEARCH_PATHS = "$(inherited) @executable_path/Frameworks @loader_path/Frameworks";
				PRODUCT_BUNDLE_IDENTIFIER = com.ZacharyByers.FirstAppTests;
				PRODUCT_NAME = "$(TARGET_NAME)";
				SWIFT_VERSION = 4.0;
				TARGETED_DEVICE_FAMILY = "1,2";
				TEST_HOST = "$(BUILT_PRODUCTS_DIR)/FirstApp.app/FirstApp";
			};
			name = Release;
		};
		6B128462201EADE4001F3E3E /* Debug */ = {
			isa = XCBuildConfiguration;
			buildSettings = {
				ALWAYS_EMBED_SWIFT_STANDARD_LIBRARIES = YES;
				CODE_SIGN_STYLE = Automatic;
				INFOPLIST_FILE = FirstAppUITests/Info.plist;
				LD_RUNPATH_SEARCH_PATHS = "$(inherited) @executable_path/Frameworks @loader_path/Frameworks";
				PRODUCT_BUNDLE_IDENTIFIER = com.ZacharyByers.FirstAppUITests;
				PRODUCT_NAME = "$(TARGET_NAME)";
				SWIFT_VERSION = 4.0;
				TARGETED_DEVICE_FAMILY = "1,2";
				TEST_TARGET_NAME = FirstApp;
			};
			name = Debug;
		};
		6B128463201EADE4001F3E3E /* Release */ = {
			isa = XCBuildConfiguration;
			buildSettings = {
				ALWAYS_EMBED_SWIFT_STANDARD_LIBRARIES = YES;
				CODE_SIGN_STYLE = Automatic;
				INFOPLIST_FILE = FirstAppUITests/Info.plist;
				LD_RUNPATH_SEARCH_PATHS = "$(inherited) @executable_path/Frameworks @loader_path/Frameworks";
				PRODUCT_BUNDLE_IDENTIFIER = com.ZacharyByers.FirstAppUITests;
				PRODUCT_NAME = "$(TARGET_NAME)";
				SWIFT_VERSION = 4.0;
				TARGETED_DEVICE_FAMILY = "1,2";
				TEST_TARGET_NAME = FirstApp;
			};
			name = Release;
		};
/* End XCBuildConfiguration section */

/* Begin XCConfigurationList section */
		6B12842E201EADE3001F3E3E /* Build configuration list for PBXProject "FirstApp" */ = {
			isa = XCConfigurationList;
			buildConfigurations = (
				6B128459201EADE4001F3E3E /* Debug */,
				6B12845A201EADE4001F3E3E /* Release */,
			);
			defaultConfigurationIsVisible = 0;
			defaultConfigurationName = Release;
		};
		6B12845B201EADE4001F3E3E /* Build configuration list for PBXNativeTarget "FirstApp" */ = {
			isa = XCConfigurationList;
			buildConfigurations = (
				6B12845C201EADE4001F3E3E /* Debug */,
				6B12845D201EADE4001F3E3E /* Release */,
			);
			defaultConfigurationIsVisible = 0;
			defaultConfigurationName = Release;
		};
		6B12845E201EADE4001F3E3E /* Build configuration list for PBXNativeTarget "FirstAppTests" */ = {
			isa = XCConfigurationList;
			buildConfigurations = (
				6B12845F201EADE4001F3E3E /* Debug */,
				6B128460201EADE4001F3E3E /* Release */,
			);
			defaultConfigurationIsVisible = 0;
			defaultConfigurationName = Release;
		};
		6B128461201EADE4001F3E3E /* Build configuration list for PBXNativeTarget "FirstAppUITests" */ = {
			isa = XCConfigurationList;
			buildConfigurations = (
				6B128462201EADE4001F3E3E /* Debug */,
				6B128463201EADE4001F3E3E /* Release */,
			);
			defaultConfigurationIsVisible = 0;
			defaultConfigurationName = Release;
		};
/* End XCConfigurationList section */
	};
	rootObject = 6B12842B201EADE3001F3E3E /* Project object */;
}
